
Microsoft Visual Studio Solution File, Format Version 12.00
# Visual Studio Version 16
VisualStudioVersion = 16.0.30503.244
MinimumVisualStudioVersion = 10.0.40219.1
Project("{FAE04EC0-301F-11D3-BF4B-00C04F79EFBC}") = "Loops", "Loops.csproj", "{89C0D9D5-BA3E-459E-9BB9-FD6907A3BF02}"
EndProject
Global
	GlobalSection(SolutionConfigurationPlatforms) = preSolution
		Debug|Any CPU = Debug|Any CPU
		Release|Any CPU = Release|Any CPU
	EndGlobalSection
	GlobalSection(ProjectConfigurationPlatforms) = postSolution
		{89C0D9D5-BA3E-459E-9BB9-FD6907A3BF02}.Debug|Any CPU.ActiveCfg = Debug|Any CPU
		{89C0D9D5-BA3E-459E-9BB9-FD6907A3BF02}.Debug|Any CPU.Build.0 = Debug|Any CPU
		{89C0D9D5-BA3E-459E-9BB9-FD6907A3BF02}.Release|Any CPU.ActiveCfg = Release|Any CPU
		{89C0D9D5-BA3E-459E-9BB9-FD6907A3BF02}.Release|Any CPU.Build.0 = Release|Any CPU
	EndGlobalSection
	GlobalSection(SolutionProperties) = preSolution
		HideSolutionNode = FALSE
	EndGlobalSection
	GlobalSection(ExtensibilityGlobals) = postSolution
		SolutionGuid = {046B369E-98FB-4C8C-B581-418FD72E2023}
	EndGlobalSection
EndGlobal
